
Microsoft Visual Studio Solution File, Format Version 12.00
# Visual Studio Version 17
VisualStudioVersion = 17.1.32407.343
MinimumVisualStudioVersion = 10.0.40219.1
Project("{FAE04EC0-301F-11D3-BF4B-00C04F79EFBC}") = "OrioleCosmeticClient", "OrioleCosmeticClient\OrioleCosmeticClient.csproj", "{7BF3D360-534A-43C8-B5CB-00181F7558E7}"
EndProject
Global
	GlobalSection(SolutionConfigurationPlatforms) = preSolution
		Debug|Any CPU = Debug|Any CPU
		Release|Any CPU = Release|Any CPU
	EndGlobalSection
	GlobalSection(ProjectConfigurationPlatforms) = postSolution
		{7BF3D360-534A-43C8-B5CB-00181F7558E7}.Debug|Any CPU.ActiveCfg = Debug|Any CPU
		{7BF3D360-534A-43C8-B5CB-00181F7558E7}.Debug|Any CPU.Build.0 = Debug|Any CPU
		{7BF3D360-534A-43C8-B5CB-00181F7558E7}.Release|Any CPU.ActiveCfg = Release|Any CPU
		{7BF3D360-534A-43C8-B5CB-00181F7558E7}.Release|Any CPU.Build.0 = Release|Any CPU
	EndGlobalSection
	GlobalSection(SolutionProperties) = preSolution
		HideSolutionNode = FALSE
	EndGlobalSection
	GlobalSection(ExtensibilityGlobals) = postSolution
		SolutionGuid = {A5FCC9F3-819C-48D7-B337-7BEF44A03558}
	EndGlobalSection
EndGlobal
